
Microsoft Visual Studio Solution File, Format Version 12.00
# Visual Studio Version 16
VisualStudioVersion = 16.0.30309.148
MinimumVisualStudioVersion = 10.0.40219.1
Project("{2150E333-8FDC-42A3-9474-1A3956D46DE8}") = "Week 3 - Functions and Recursion", "Week 3 - Functions and Recursion", "{999127BC-B8DA-4466-A4BF-D0A29854A932}"
EndProject
Project("{2150E333-8FDC-42A3-9474-1A3956D46DE8}") = "Week 2 - Control Statements", "Week 2 - Control Statements", "{0A07D86F-9695-470E-8501-9FB40B664D6A}"
EndProject
Project("{2150E333-8FDC-42A3-9474-1A3956D46DE8}") = "Week 1 - Programming Basics", "Week 1 - Programming Basics", "{06352151-747B-4D8A-9859-570D21C56203}"
EndProject
Project("{2150E333-8FDC-42A3-9474-1A3956D46DE8}") = "Week 4 - Loops and Iteration", "Week 4 - Loops and Iteration", "{B558A181-A3C6-4E84-8939-1F6ECC636EFF}"
EndProject
Project("{8BC9CEB8-8B4A-11D0-8D11-00A0C91BC942}") = "Week 1 - Task 1 - Hello World", "Week 1 - Task 1 - Hello World\Task 1 - Hello World.vcxproj", "{7EFB7D33-CACE-413C-8811-36564F09FD54}"
EndProject
Project("{8BC9CEB8-8B4A-11D0-8D11-00A0C91BC942}") = "Week 1 - Task 2 - Hello With Variables", "Week 1 - Task 2 - Hello With Variables\Task 2 - Hello With Variables.vcxproj", "{DEE38467-F3DE-47FF-A3F4-D34AF71BE5ED}"
EndProject
Project("{8BC9CEB8-8B4A-11D0-8D11-00A0C91BC942}") = "Week 2 - Task 1 - More or Less than 5", "Week 2 - Task 1 - More or Less than 5\Task 1 - More or Less than 5.vcxproj", "{BB61CB1D-F3AF-4EDB-99B5-2904889594BB}"
EndProject
Project("{8BC9CEB8-8B4A-11D0-8D11-00A0C91BC942}") = "Week 2 - Task 2 - Grading Program", "Week 2 - Task 2 - Grading Program\Week 2 - Task 2 - Grading Program.vcxproj", "{9BC835DC-17DC-4117-9D66-CBC9C08628C0}"
EndProject
Project("{8BC9CEB8-8B4A-11D0-8D11-00A0C91BC942}") = "Week 2 - Task 3 - Find Prime Numbers", "Week 2 - Task 3 - Find Prime Numbers\Week 2 - Task 3 - Find Prime Numbers.vcxproj", "{74DC5089-3161-436A-968D-3B4FA717CA16}"
EndProject
Project("{8BC9CEB8-8B4A-11D0-8D11-00A0C91BC942}") = "Week 2 - Task 4 - Cola Machine", "Week 2 - Task 4 - Cola Machine\Week 2 - Task 4 - Cola Machine.vcxproj", "{72CD2852-1163-4D0F-AE36-1C5F28A00B61}"
EndProject
Project("{8BC9CEB8-8B4A-11D0-8D11-00A0C91BC942}") = "Week 2 - Task 5 - Integer Analysis", "Week 2 - Task 5 - Integer Analysis\Week 2 - Task 5 - Integer Analysis.vcxproj", "{2F4B3D1C-84BC-4CD3-BC8B-9239D90EC678}"
EndProject
Project("{8BC9CEB8-8B4A-11D0-8D11-00A0C91BC942}") = "Week 2 - Task 6 - Text Adventure Game", "Week 2 - Task 6 - Text Adventure Game\Week 2 - Task 6 - Text Adventure Game.vcxproj", "{97DC1C90-5ABA-4FBA-8055-74C243181F69}"
EndProject
Project("{8BC9CEB8-8B4A-11D0-8D11-00A0C91BC942}") = "Week 3 - Task 1 - Guess The Number", "Week 3 - Task 1 - Guess The Number\Week 3 - Task 1 - Guess The Number.vcxproj", "{9F9C8131-943D-4421-857B-B5899219D1FD}"
EndProject
Project("{8BC9CEB8-8B4A-11D0-8D11-00A0C91BC942}") = "Week 3 - Task 2 - Parameters and Return Types", "Week 3 - Task 2 - Parameters and Return Types\Week 3 - Task 2 - Parameters and Return Types.vcxproj", "{C3CBA636-2C58-46E6-968E-BA4A4EC112D7}"
EndProject
Project("{8BC9CEB8-8B4A-11D0-8D11-00A0C91BC942}") = "Week 3 - Task 3 - Sum Of Range", "Week 3 - Task 3 - Sum Of Range\Week 3 - Task 3 - Sum Of Range.vcxproj", "{560AD72B-29CB-4A64-BD6D-04658064E2CD}"
EndProject
Project("{8BC9CEB8-8B4A-11D0-8D11-00A0C91BC942}") = "Week 3 - Task 4 - Print Recursive Diamond", "Week 3 - Task 4 - Print Recursive Diamond\Week 3 - Task 4 - Print Recursive Diamond.vcxproj", "{7868169C-023A-4034-B250-F2ACA3098BAE}"
EndProject
Project("{8BC9CEB8-8B4A-11D0-8D11-00A0C91BC942}") = "Week 4 - Task 1 - While Gullible", "Week 4 - Task 1 - While Gullible\Week 4 - Task 1 - While Gullible.vcxproj", "{EAFC1980-09C8-4AC4-A7C2-4B8B4909BBFD}"
EndProject
Project("{8BC9CEB8-8B4A-11D0-8D11-00A0C91BC942}") = "Week 4 - Task 2 - Guess The Number (Iterative)", "Week 4 - Task 2 - Guess The Number (Iterative)\Week 4 - Task 2 - Guess The Number (Iterative).vcxproj", "{C078B085-032E-41DF-AB35-265F727D11D8}"
EndProject
Project("{8BC9CEB8-8B4A-11D0-8D11-00A0C91BC942}") = "Week 4 - Task 3 - Natural Numbers", "Week 4 - Task 3 - Natural Numbers\Week 4 - Task 3 - Natural Numbers.vcxproj", "{4A2A90DB-28DE-4C55-A49D-C77D4CDD2E4B}"
EndProject
Project("{8BC9CEB8-8B4A-11D0-8D11-00A0C91BC942}") = "Week 4 - Task 4 - Revenge of the Diamond", "Week 4 - Task 4 - Revenge of the Diamond\Week 4 - Task 4 - Revenge of the Diamond.vcxproj", "{1C42345C-B984-4230-A96B-6354D436292F}"
EndProject
Project("{8BC9CEB8-8B4A-11D0-8D11-00A0C91BC942}") = "Week 4 - Task 5 - Alphabet Pyramid", "Week 4 - Task 5 - Alphabet Pyramid\Week 4 - Task 5 - Alphabet Pyramid.vcxproj", "{D7664FCC-1105-40CB-A5CC-F68504711AE9}"
EndProject
Project("{8BC9CEB8-8B4A-11D0-8D11-00A0C91BC942}") = "Week 1 - Task 3 - Debugging", "Week 1 - Task 3 - Debugging\Week 1 - Task 3 - Debugging.vcxproj", "{476D749A-C35F-4493-83E5-49DF9273AED8}"
EndProject
Project("{8BC9CEB8-8B4A-11D0-8D11-00A0C91BC942}") = "Week 1 - Task 4 - Putting it all together", "Week 1 - Task 4 - Putting it all together\Week 1 - Task 4 - Putting it all together.vcxproj", "{83BB69D4-87AA-49CF-85E0-3E5539CC3AEA}"
EndProject
Project("{2150E333-8FDC-42A3-9474-1A3956D46DE8}") = "Week 5 - Arrays and Strings", "Week 5 - Arrays and Strings", "{D515A920-EE3E-4891-82B2-CD6AB33AE1E8}"
EndProject
Project("{8BC9CEB8-8B4A-11D0-8D11-00A0C91BC942}") = "Week 5 - Task 1 - Arrays and Loops", "Week 5 - Task 1 - Arrays and Loops\Week 5 - Task 1 - Arrays and Loops.vcxproj", "{8F724D28-AD36-4010-B4B2-4B7549D1AFC0}"
EndProject
Project("{8BC9CEB8-8B4A-11D0-8D11-00A0C91BC942}") = "Week 5 - Task 2 - Removing from Arrays", "Week 5 - Task 2 - Removing from Arrays\Week 5 - Task 2 - Removing from Arrays.vcxproj", "{5FF81C03-CD40-4F31-BB6B-1D908F4F26B3}"
EndProject
Project("{8BC9CEB8-8B4A-11D0-8D11-00A0C91BC942}") = "Week 5 - Task 3 - 2D Arrays", "Week 5 - Task 3 - 2D Arrays\Week 5 - Task 3 - 2D Arrays.vcxproj", "{D63FD776-ED00-4ACC-80BF-630657AEF1F4}"
EndProject
Project("{8BC9CEB8-8B4A-11D0-8D11-00A0C91BC942}") = "Week 5 - Task 4 - Vowel Removal", "Week 5 - Task 4 - Vowel Removal\Week 5 - Task 4 - Vowel Removal.vcxproj", "{BCF2477E-CD1B-4C8D-A83F-73BC712904F4}"
EndProject
Project("{8BC9CEB8-8B4A-11D0-8D11-00A0C91BC942}") = "Week 5 - Task 5 - Sentence Reversal", "Week 5 - Task 5 - Sentence Reversal\Week 5 - Task 5 - Sentence Reversal.vcxproj", "{C5CD55B6-4DD7-4656-92AA-11FB1A8334B2}"
EndProject
Project("{8BC9CEB8-8B4A-11D0-8D11-00A0C91BC942}") = "Week 1 - Task Canvas - Sum Avg Three Nums", "Week 1 - Task Canvas - Sum Avg Three Nums\Week 1 - Task Canvas - Sum Avg Three Nums.vcxproj", "{49D10889-4662-4C4D-8230-2611529968EF}"
EndProject
Project("{8BC9CEB8-8B4A-11D0-8D11-00A0C91BC942}") = "Week 2 - Canvas Task - Leap Year", "Week 2 - Canvas Task - Leap Year\Week 2 - Canvas Task - Leap Year.vcxproj", "{003A0323-1BCC-4402-A38F-639CD0982522}"
EndProject
Project("{8BC9CEB8-8B4A-11D0-8D11-00A0C91BC942}") = "Week 3 - Canvas Task - Cube Number", "Week 3 - Canvas Task - Cube Number\Week 3 - Canvas Task - Cube Number.vcxproj", "{1A05B0DF-CA64-4A78-8E11-07FF49789AF9}"
EndProject
Global
	GlobalSection(SolutionConfigurationPlatforms) = preSolution
		Debug|x64 = Debug|x64
		Debug|x86 = Debug|x86
		Release|x64 = Release|x64
		Release|x86 = Release|x86
	EndGlobalSection
	GlobalSection(ProjectConfigurationPlatforms) = postSolution
		{7EFB7D33-CACE-413C-8811-36564F09FD54}.Debug|x64.ActiveCfg = Debug|x64
		{7EFB7D33-CACE-413C-8811-36564F09FD54}.Debug|x64.Build.0 = Debug|x64
		{7EFB7D33-CACE-413C-8811-36564F09FD54}.Debug|x86.ActiveCfg = Debug|Win32
		{7EFB7D33-CACE-413C-8811-36564F09FD54}.Debug|x86.Build.0 = Debug|Win32
		{7EFB7D33-CACE-413C-8811-36564F09FD54}.Release|x64.ActiveCfg = Release|x64
		{7EFB7D33-CACE-413C-8811-36564F09FD54}.Release|x64.Build.0 = Release|x64
		{7EFB7D33-CACE-413C-8811-36564F09FD54}.Release|x86.ActiveCfg = Release|Win32
		{7EFB7D33-CACE-413C-8811-36564F09FD54}.Release|x86.Build.0 = Release|Win32
		{DEE38467-F3DE-47FF-A3F4-D34AF71BE5ED}.Debug|x64.ActiveCfg = Debug|x64
		{DEE38467-F3DE-47FF-A3F4-D34AF71BE5ED}.Debug|x64.Build.0 = Debug|x64
		{DEE38467-F3DE-47FF-A3F4-D34AF71BE5ED}.Debug|x86.ActiveCfg = Debug|Win32
		{DEE38467-F3DE-47FF-A3F4-D34AF71BE5ED}.Debug|x86.Build.0 = Debug|Win32
		{DEE38467-F3DE-47FF-A3F4-D34AF71BE5ED}.Release|x64.ActiveCfg = Release|x64
		{DEE38467-F3DE-47FF-A3F4-D34AF71BE5ED}.Release|x64.Build.0 = Release|x64
		{DEE38467-F3DE-47FF-A3F4-D34AF71BE5ED}.Release|x86.ActiveCfg = Release|Win32
		{DEE38467-F3DE-47FF-A3F4-D34AF71BE5ED}.Release|x86.Build.0 = Release|Win32
		{BB61CB1D-F3AF-4EDB-99B5-2904889594BB}.Debug|x64.ActiveCfg = Debug|x64
		{BB61CB1D-F3AF-4EDB-99B5-2904889594BB}.Debug|x64.Build.0 = Debug|x64
		{BB61CB1D-F3AF-4EDB-99B5-2904889594BB}.Debug|x86.ActiveCfg = Debug|Win32
		{BB61CB1D-F3AF-4EDB-99B5-2904889594BB}.Debug|x86.Build.0 = Debug|Win32
		{BB61CB1D-F3AF-4EDB-99B5-2904889594BB}.Release|x64.ActiveCfg = Release|x64
		{BB61CB1D-F3AF-4EDB-99B5-2904889594BB}.Release|x64.Build.0 = Release|x64
		{BB61CB1D-F3AF-4EDB-99B5-2904889594BB}.Release|x86.ActiveCfg = Release|Win32
		{BB61CB1D-F3AF-4EDB-99B5-2904889594BB}.Release|x86.Build.0 = Release|Win32
		{9BC835DC-17DC-4117-9D66-CBC9C08628C0}.Debug|x64.ActiveCfg = Debug|x64
		{9BC835DC-17DC-4117-9D66-CBC9C08628C0}.Debug|x64.Build.0 = Debug|x64
		{9BC835DC-17DC-4117-9D66-CBC9C08628C0}.Debug|x86.ActiveCfg = Debug|Win32
		{9BC835DC-17DC-4117-9D66-CBC9C08628C0}.Debug|x86.Build.0 = Debug|Win32
		{9BC835DC-17DC-4117-9D66-CBC9C08628C0}.Release|x64.ActiveCfg = Release|x64
		{9BC835DC-17DC-4117-9D66-CBC9C08628C0}.Release|x64.Build.0 = Release|x64
		{9BC835DC-17DC-4117-9D66-CBC9C08628C0}.Release|x86.ActiveCfg = Release|Win32
		{9BC835DC-17DC-4117-9D66-CBC9C08628C0}.Release|x86.Build.0 = Release|Win32
		{74DC5089-3161-436A-968D-3B4FA717CA16}.Debug|x64.ActiveCfg = Debug|x64
		{74DC5089-3161-436A-968D-3B4FA717CA16}.Debug|x64.Build.0 = Debug|x64
		{74DC5089-3161-436A-968D-3B4FA717CA16}.Debug|x86.ActiveCfg = Debug|Win32
		{74DC5089-3161-436A-968D-3B4FA717CA16}.Debug|x86.Build.0 = Debug|Win32
		{74DC5089-3161-436A-968D-3B4FA717CA16}.Release|x64.ActiveCfg = Release|x64
		{74DC5089-3161-436A-968D-3B4FA717CA16}.Release|x64.Build.0 = Release|x64
		{74DC5089-3161-436A-968D-3B4FA717CA16}.Release|x86.ActiveCfg = Release|Win32
		{74DC5089-3161-436A-968D-3B4FA717CA16}.Release|x86.Build.0 = Release|Win32
		{72CD2852-1163-4D0F-AE36-1C5F28A00B61}.Debug|x64.ActiveCfg = Debug|x64
		{72CD2852-1163-4D0F-AE36-1C5F28A00B61}.Debug|x64.Build.0 = Debug|x64
		{72CD2852-1163-4D0F-AE36-1C5F28A00B61}.Debug|x86.ActiveCfg = Debug|Win32
		{72CD2852-1163-4D0F-AE36-1C5F28A00B61}.Debug|x86.Build.0 = Debug|Win32
		{72CD2852-1163-4D0F-AE36-1C5F28A00B61}.Release|x64.ActiveCfg = Release|x64
		{72CD2852-1163-4D0F-AE36-1C5F28A00B61}.Release|x64.Build.0 = Release|x64
		{72CD2852-1163-4D0F-AE36-1C5F28A00B61}.Release|x86.ActiveCfg = Release|Win32
		{72CD2852-1163-4D0F-AE36-1C5F28A00B61}.Release|x86.Build.0 = Release|Win32
		{2F4B3D1C-84BC-4CD3-BC8B-9239D90EC678}.Debug|x64.ActiveCfg = Debug|x64
		{2F4B3D1C-84BC-4CD3-BC8B-9239D90EC678}.Debug|x64.Build.0 = Debug|x64
		{2F4B3D1C-84BC-4CD3-BC8B-9239D90EC678}.Debug|x86.ActiveCfg = Debug|Win32
		{2F4B3D1C-84BC-4CD3-BC8B-9239D90EC678}.Debug|x86.Build.0 = Debug|Win32
		{2F4B3D1C-84BC-4CD3-BC8B-9239D90EC678}.Release|x64.ActiveCfg = Release|x64
		{2F4B3D1C-84BC-4CD3-BC8B-9239D90EC678}.Release|x64.Build.0 = Release|x64
		{2F4B3D1C-84BC-4CD3-BC8B-9239D90EC678}.Release|x86.ActiveCfg = Release|Win32
		{2F4B3D1C-84BC-4CD3-BC8B-9239D90EC678}.Release|x86.Build.0 = Release|Win32
		{97DC1C90-5ABA-4FBA-8055-74C243181F69}.Debug|x64.ActiveCfg = Debug|x64
		{97DC1C90-5ABA-4FBA-8055-74C243181F69}.Debug|x64.Build.0 = Debug|x64
		{97DC1C90-5ABA-4FBA-8055-74C243181F69}.Debug|x86.ActiveCfg = Debug|Win32
		{97DC1C90-5ABA-4FBA-8055-74C243181F69}.Debug|x86.Build.0 = Debug|Win32
		{97DC1C90-5ABA-4FBA-8055-74C243181F69}.Release|x64.ActiveCfg = Release|x64
		{97DC1C90-5ABA-4FBA-8055-74C243181F69}.Release|x64.Build.0 = Release|x64
		{97DC1C90-5ABA-4FBA-8055-74C243181F69}.Release|x86.ActiveCfg = Release|Win32
		{97DC1C90-5ABA-4FBA-8055-74C243181F69}.Release|x86.Build.0 = Release|Win32
		{9F9C8131-943D-4421-857B-B5899219D1FD}.Debug|x64.ActiveCfg = Debug|x64
		{9F9C8131-943D-4421-857B-B5899219D1FD}.Debug|x64.Build.0 = Debug|x64
		{9F9C8131-943D-4421-857B-B5899219D1FD}.Debug|x86.ActiveCfg = Debug|Win32
		{9F9C8131-943D-4421-857B-B5899219D1FD}.Debug|x86.Build.0 = Debug|Win32
		{9F9C8131-943D-4421-857B-B5899219D1FD}.Release|x64.ActiveCfg = Release|x64
		{9F9C8131-943D-4421-857B-B5899219D1FD}.Release|x64.Build.0 = Release|x64
		{9F9C8131-943D-4421-857B-B5899219D1FD}.Release|x86.ActiveCfg = Release|Win32
		{9F9C8131-943D-4421-857B-B5899219D1FD}.Release|x86.Build.0 = Release|Win32
		{C3CBA636-2C58-46E6-968E-BA4A4EC112D7}.Debug|x64.ActiveCfg = Debug|x64
		{C3CBA636-2C58-46E6-968E-BA4A4EC112D7}.Debug|x64.Build.0 = Debug|x64
		{C3CBA636-2C58-46E6-968E-BA4A4EC112D7}.Debug|x86.ActiveCfg = Debug|Win32
		{C3CBA636-2C58-46E6-968E-BA4A4EC112D7}.Debug|x86.Build.0 = Debug|Win32
		{C3CBA636-2C58-46E6-968E-BA4A4EC112D7}.Release|x64.ActiveCfg = Release|x64
		{C3CBA636-2C58-46E6-968E-BA4A4EC112D7}.Release|x64.Build.0 = Release|x64
		{C3CBA636-2C58-46E6-968E-BA4A4EC112D7}.Release|x86.ActiveCfg = Release|Win32
		{C3CBA636-2C58-46E6-968E-BA4A4EC112D7}.Release|x86.Build.0 = Release|Win32
		{560AD72B-29CB-4A64-BD6D-04658064E2CD}.Debug|x64.ActiveCfg = Debug|x64
		{560AD72B-29CB-4A64-BD6D-04658064E2CD}.Debug|x64.Build.0 = Debug|x64
		{560AD72B-29CB-4A64-BD6D-04658064E2CD}.Debug|x86.ActiveCfg = Debug|Win32
		{560AD72B-29CB-4A64-BD6D-04658064E2CD}.Debug|x86.Build.0 = Debug|Win32
		{560AD72B-29CB-4A64-BD6D-04658064E2CD}.Release|x64.ActiveCfg = Release|x64
		{560AD72B-29CB-4A64-BD6D-04658064E2CD}.Release|x64.Build.0 = Release|x64
		{560AD72B-29CB-4A64-BD6D-04658064E2CD}.Release|x86.ActiveCfg = Release|Win32
		{560AD72B-29CB-4A64-BD6D-04658064E2CD}.Release|x86.Build.0 = Release|Win32
		{7868169C-023A-4034-B250-F2ACA3098BAE}.Debug|x64.ActiveCfg = Debug|x64
		{7868169C-023A-4034-B250-F2ACA3098BAE}.Debug|x64.Build.0 = Debug|x64
		{7868169C-023A-4034-B250-F2ACA3098BAE}.Debug|x86.ActiveCfg = Debug|Win32
		{7868169C-023A-4034-B250-F2ACA3098BAE}.Debug|x86.Build.0 = Debug|Win32
		{7868169C-023A-4034-B250-F2ACA3098BAE}.Release|x64.ActiveCfg = Release|x64
		{7868169C-023A-4034-B250-F2ACA3098BAE}.Release|x64.Build.0 = Release|x64
		{7868169C-023A-4034-B250-F2ACA3098BAE}.Release|x86.ActiveCfg = Release|Win32
		{7868169C-023A-4034-B250-F2ACA3098BAE}.Release|x86.Build.0 = Release|Win32
		{EAFC1980-09C8-4AC4-A7C2-4B8B4909BBFD}.Debug|x64.ActiveCfg = Debug|x64
		{EAFC1980-09C8-4AC4-A7C2-4B8B4909BBFD}.Debug|x64.Build.0 = Debug|x64
		{EAFC1980-09C8-4AC4-A7C2-4B8B4909BBFD}.Debug|x86.ActiveCfg = Debug|Win32
		{EAFC1980-09C8-4AC4-A7C2-4B8B4909BBFD}.Debug|x86.Build.0 = Debug|Win32
		{EAFC1980-09C8-4AC4-A7C2-4B8B4909BBFD}.Release|x64.ActiveCfg = Release|x64
		{EAFC1980-09C8-4AC4-A7C2-4B8B4909BBFD}.Release|x64.Build.0 = Release|x64
		{EAFC1980-09C8-4AC4-A7C2-4B8B4909BBFD}.Release|x86.ActiveCfg = Release|Win32
		{EAFC1980-09C8-4AC4-A7C2-4B8B4909BBFD}.Release|x86.Build.0 = Release|Win32
		{C078B085-032E-41DF-AB35-265F727D11D8}.Debug|x64.ActiveCfg = Debug|x64
		{C078B085-032E-41DF-AB35-265F727D11D8}.Debug|x64.Build.0 = Debug|x64
		{C078B085-032E-41DF-AB35-265F727D11D8}.Debug|x86.ActiveCfg = Debug|Win32
		{C078B085-032E-41DF-AB35-265F727D11D8}.Debug|x86.Build.0 = Debug|Win32
		{C078B085-032E-41DF-AB35-265F727D11D8}.Release|x64.ActiveCfg = Release|x64
		{C078B085-032E-41DF-AB35-265F727D11D8}.Release|x64.Build.0 = Release|x64
		{C078B085-032E-41DF-AB35-265F727D11D8}.Release|x86.ActiveCfg = Release|Win32
		{C078B085-032E-41DF-AB35-265F727D11D8}.Release|x86.Build.0 = Release|Win32
		{4A2A90DB-28DE-4C55-A49D-C77D4CDD2E4B}.Debug|x64.ActiveCfg = Debug|x64
		{4A2A90DB-28DE-4C55-A49D-C77D4CDD2E4B}.Debug|x64.Build.0 = Debug|x64
		{4A2A90DB-28DE-4C55-A49D-C77D4CDD2E4B}.Debug|x86.ActiveCfg = Debug|Win32
		{4A2A90DB-28DE-4C55-A49D-C77D4CDD2E4B}.Debug|x86.Build.0 = Debug|Win32
		{4A2A90DB-28DE-4C55-A49D-C77D4CDD2E4B}.Release|x64.ActiveCfg = Release|x64
		{4A2A90DB-28DE-4C55-A49D-C77D4CDD2E4B}.Release|x64.Build.0 = Release|x64
		{4A2A90DB-28DE-4C55-A49D-C77D4CDD2E4B}.Release|x86.ActiveCfg = Release|Win32
		{4A2A90DB-28DE-4C55-A49D-C77D4CDD2E4B}.Release|x86.Build.0 = Release|Win32
		{1C42345C-B984-4230-A96B-6354D436292F}.Debug|x64.ActiveCfg = Debug|x64
		{1C42345C-B984-4230-A96B-6354D436292F}.Debug|x64.Build.0 = Debug|x64
		{1C42345C-B984-4230-A96B-6354D436292F}.Debug|x86.ActiveCfg = Debug|Win32
		{1C42345C-B984-4230-A96B-6354D436292F}.Debug|x86.Build.0 = Debug|Win32
		{1C42345C-B984-4230-A96B-6354D436292F}.Release|x64.ActiveCfg = Release|x64
		{1C42345C-B984-4230-A96B-6354D436292F}.Release|x64.Build.0 = Release|x64
		{1C42345C-B984-4230-A96B-6354D436292F}.Release|x86.ActiveCfg = Release|Win32
		{1C42345C-B984-4230-A96B-6354D436292F}.Release|x86.Build.0 = Release|Win32
		{D7664FCC-1105-40CB-A5CC-F68504711AE9}.Debug|x64.ActiveCfg = Debug|x64
		{D7664FCC-1105-40CB-A5CC-F68504711AE9}.Debug|x64.Build.0 = Debug|x64
		{D7664FCC-1105-40CB-A5CC-F68504711AE9}.Debug|x86.ActiveCfg = Debug|Win32
		{D7664FCC-1105-40CB-A5CC-F68504711AE9}.Debug|x86.Build.0 = Debug|Win32
		{D7664FCC-1105-40CB-A5CC-F68504711AE9}.Release|x64.ActiveCfg = Release|x64
		{D7664FCC-1105-40CB-A5CC-F68504711AE9}.Release|x64.Build.0 = Release|x64
		{D7664FCC-1105-40CB-A5CC-F68504711AE9}.Release|x86.ActiveCfg = Release|Win32
		{D7664FCC-1105-40CB-A5CC-F68504711AE9}.Release|x86.Build.0 = Release|Win32
		{476D749A-C35F-4493-83E5-49DF9273AED8}.Debug|x64.ActiveCfg = Debug|x64
		{476D749A-C35F-4493-83E5-49DF9273AED8}.Debug|x64.Build.0 = Debug|x64
		{476D749A-C35F-4493-83E5-49DF9273AED8}.Debug|x86.ActiveCfg = Debug|Win32
		{476D749A-C35F-4493-83E5-49DF9273AED8}.Debug|x86.Build.0 = Debug|Win32
		{476D749A-C35F-4493-83E5-49DF9273AED8}.Release|x64.ActiveCfg = Release|x64
		{476D749A-C35F-4493-83E5-49DF9273AED8}.Release|x64.Build.0 = Release|x64
		{476D749A-C35F-4493-83E5-49DF9273AED8}.Release|x86.ActiveCfg = Release|Win32
		{476D749A-C35F-4493-83E5-49DF9273AED8}.Release|x86.Build.0 = Release|Win32
		{83BB69D4-87AA-49CF-85E0-3E5539CC3AEA}.Debug|x64.ActiveCfg = Debug|x64
		{83BB69D4-87AA-49CF-85E0-3E5539CC3AEA}.Debug|x64.Build.0 = Debug|x64
		{83BB69D4-87AA-49CF-85E0-3E5539CC3AEA}.Debug|x86.ActiveCfg = Debug|Win32
		{83BB69D4-87AA-49CF-85E0-3E5539CC3AEA}.Debug|x86.Build.0 = Debug|Win32
		{83BB69D4-87AA-49CF-85E0-3E5539CC3AEA}.Release|x64.ActiveCfg = Release|x64
		{83BB69D4-87AA-49CF-85E0-3E5539CC3AEA}.Release|x64.Build.0 = Release|x64
		{83BB69D4-87AA-49CF-85E0-3E5539CC3AEA}.Release|x86.ActiveCfg = Release|Win32
		{83BB69D4-87AA-49CF-85E0-3E5539CC3AEA}.Release|x86.Build.0 = Release|Win32
		{8F724D28-AD36-4010-B4B2-4B7549D1AFC0}.Debug|x64.ActiveCfg = Debug|x64
		{8F724D28-AD36-4010-B4B2-4B7549D1AFC0}.Debug|x64.Build.0 = Debug|x64
		{8F724D28-AD36-4010-B4B2-4B7549D1AFC0}.Debug|x86.ActiveCfg = Debug|Win32
		{8F724D28-AD36-4010-B4B2-4B7549D1AFC0}.Debug|x86.Build.0 = Debug|Win32
		{8F724D28-AD36-4010-B4B2-4B7549D1AFC0}.Release|x64.ActiveCfg = Release|x64
		{8F724D28-AD36-4010-B4B2-4B7549D1AFC0}.Release|x64.Build.0 = Release|x64
		{8F724D28-AD36-4010-B4B2-4B7549D1AFC0}.Release|x86.ActiveCfg = Release|Win32
		{8F724D28-AD36-4010-B4B2-4B7549D1AFC0}.Release|x86.Build.0 = Release|Win32
		{5FF81C03-CD40-4F31-BB6B-1D908F4F26B3}.Debug|x64.ActiveCfg = Debug|x64
		{5FF81C03-CD40-4F31-BB6B-1D908F4F26B3}.Debug|x64.Build.0 = Debug|x64
		{5FF81C03-CD40-4F31-BB6B-1D908F4F26B3}.Debug|x86.ActiveCfg = Debug|Win32
		{5FF81C03-CD40-4F31-BB6B-1D908F4F26B3}.Debug|x86.Build.0 = Debug|Win32
		{5FF81C03-CD40-4F31-BB6B-1D908F4F26B3}.Release|x64.ActiveCfg = Release|x64
		{5FF81C03-CD40-4F31-BB6B-1D908F4F26B3}.Release|x64.Build.0 = Release|x64
		{5FF81C03-CD40-4F31-BB6B-1D908F4F26B3}.Release|x86.ActiveCfg = Release|Win32
		{5FF81C03-CD40-4F31-BB6B-1D908F4F26B3}.Release|x86.Build.0 = Release|Win32
		{D63FD776-ED00-4ACC-80BF-630657AEF1F4}.Debug|x64.ActiveCfg = Debug|x64
		{D63FD776-ED00-4ACC-80BF-630657AEF1F4}.Debug|x64.Build.0 = Debug|x64
		{D63FD776-ED00-4ACC-80BF-630657AEF1F4}.Debug|x86.ActiveCfg = Debug|Win32
		{D63FD776-ED00-4ACC-80BF-630657AEF1F4}.Debug|x86.Build.0 = Debug|Win32
		{D63FD776-ED00-4ACC-80BF-630657AEF1F4}.Release|x64.ActiveCfg = Release|x64
		{D63FD776-ED00-4ACC-80BF-630657AEF1F4}.Release|x64.Build.0 = Release|x64
		{D63FD776-ED00-4ACC-80BF-630657AEF1F4}.Release|x86.ActiveCfg = Release|Win32
		{D63FD776-ED00-4ACC-80BF-630657AEF1F4}.Release|x86.Build.0 = Release|Win32
		{BCF2477E-CD1B-4C8D-A83F-73BC712904F4}.Debug|x64.ActiveCfg = Debug|x64
		{BCF2477E-CD1B-4C8D-A83F-73BC712904F4}.Debug|x64.Build.0 = Debug|x64
		{BCF2477E-CD1B-4C8D-A83F-73BC712904F4}.Debug|x86.ActiveCfg = Debug|Win32
		{BCF2477E-CD1B-4C8D-A83F-73BC712904F4}.Debug|x86.Build.0 = Debug|Win32
		{BCF2477E-CD1B-4C8D-A83F-73BC712904F4}.Release|x64.ActiveCfg = Release|x64
		{BCF2477E-CD1B-4C8D-A83F-73BC712904F4}.Release|x64.Build.0 = Release|x64
		{BCF2477E-CD1B-4C8D-A83F-73BC712904F4}.Release|x86.ActiveCfg = Release|Win32
		{BCF2477E-CD1B-4C8D-A83F-73BC712904F4}.Release|x86.Build.0 = Release|Win32
		{C5CD55B6-4DD7-4656-92AA-11FB1A8334B2}.Debug|x64.ActiveCfg = Debug|x64
		{C5CD55B6-4DD7-4656-92AA-11FB1A8334B2}.Debug|x64.Build.0 = Debug|x64
		{C5CD55B6-4DD7-4656-92AA-11FB1A8334B2}.Debug|x86.ActiveCfg = Debug|Win32
		{C5CD55B6-4DD7-4656-92AA-11FB1A8334B2}.Debug|x86.Build.0 = Debug|Win32
		{C5CD55B6-4DD7-4656-92AA-11FB1A8334B2}.Release|x64.ActiveCfg = Release|x64
		{C5CD55B6-4DD7-4656-92AA-11FB1A8334B2}.Release|x64.Build.0 = Release|x64
		{C5CD55B6-4DD7-4656-92AA-11FB1A8334B2}.Release|x86.ActiveCfg = Release|Win32
		{C5CD55B6-4DD7-4656-92AA-11FB1A8334B2}.Release|x86.Build.0 = Release|Win32
		{49D10889-4662-4C4D-8230-2611529968EF}.Debug|x64.ActiveCfg = Debug|x64
		{49D10889-4662-4C4D-8230-2611529968EF}.Debug|x64.Build.0 = Debug|x64
		{49D10889-4662-4C4D-8230-2611529968EF}.Debug|x86.ActiveCfg = Debug|Win32
		{49D10889-4662-4C4D-8230-2611529968EF}.Debug|x86.Build.0 = Debug|Win32
		{49D10889-4662-4C4D-8230-2611529968EF}.Release|x64.ActiveCfg = Release|x64
		{49D10889-4662-4C4D-8230-2611529968EF}.Release|x64.Build.0 = Release|x64
		{49D10889-4662-4C4D-8230-2611529968EF}.Release|x86.ActiveCfg = Release|Win32
		{49D10889-4662-4C4D-8230-2611529968EF}.Release|x86.Build.0 = Release|Win32
		{003A0323-1BCC-4402-A38F-639CD0982522}.Debug|x64.ActiveCfg = Debug|x64
		{003A0323-1BCC-4402-A38F-639CD0982522}.Debug|x64.Build.0 = Debug|x64
		{003A0323-1BCC-4402-A38F-639CD0982522}.Debug|x86.ActiveCfg = Debug|Win32
		{003A0323-1BCC-4402-A38F-639CD0982522}.Debug|x86.Build.0 = Debug|Win32
		{003A0323-1BCC-4402-A38F-639CD0982522}.Release|x64.ActiveCfg = Release|x64
		{003A0323-1BCC-4402-A38F-639CD0982522}.Release|x64.Build.0 = Release|x64
		{003A0323-1BCC-4402-A38F-639CD0982522}.Release|x86.ActiveCfg = Release|Win32
		{003A0323-1BCC-4402-A38F-639CD0982522}.Release|x86.Build.0 = Release|Win32
		{1A05B0DF-CA64-4A78-8E11-07FF49789AF9}.Debug|x64.ActiveCfg = Debug|x64
		{1A05B0DF-CA64-4A78-8E11-07FF49789AF9}.Debug|x64.Build.0 = Debug|x64
		{1A05B0DF-CA64-4A78-8E11-07FF49789AF9}.Debug|x86.ActiveCfg = Debug|Win32
		{1A05B0DF-CA64-4A78-8E11-07FF49789AF9}.Debug|x86.Build.0 = Debug|Win32
		{1A05B0DF-CA64-4A78-8E11-07FF49789AF9}.Release|x64.ActiveCfg = Release|x64
		{1A05B0DF-CA64-4A78-8E11-07FF49789AF9}.Release|x64.Build.0 = Release|x64
		{1A05B0DF-CA64-4A78-8E11-07FF49789AF9}.Release|x86.ActiveCfg = Release|Win32
		{1A05B0DF-CA64-4A78-8E11-07FF49789AF9}.Release|x86.Build.0 = Release|Win32
	EndGlobalSection
	GlobalSection(SolutionProperties) = preSolution
		HideSolutionNode = FALSE
	EndGlobalSection
	GlobalSection(NestedProjects) = preSolution
		{7EFB7D33-CACE-413C-8811-36564F09FD54} = {06352151-747B-4D8A-9859-570D21C56203}
		{DEE38467-F3DE-47FF-A3F4-D34AF71BE5ED} = {06352151-747B-4D8A-9859-570D21C56203}
		{BB61CB1D-F3AF-4EDB-99B5-2904889594BB} = {0A07D86F-9695-470E-8501-9FB40B664D6A}
		{9BC835DC-17DC-4117-9D66-CBC9C08628C0} = {0A07D86F-9695-470E-8501-9FB40B664D6A}
		{74DC5089-3161-436A-968D-3B4FA717CA16} = {0A07D86F-9695-470E-8501-9FB40B664D6A}
		{72CD2852-1163-4D0F-AE36-1C5F28A00B61} = {0A07D86F-9695-470E-8501-9FB40B664D6A}
		{2F4B3D1C-84BC-4CD3-BC8B-9239D90EC678} = {0A07D86F-9695-470E-8501-9FB40B664D6A}
		{97DC1C90-5ABA-4FBA-8055-74C243181F69} = {0A07D86F-9695-470E-8501-9FB40B664D6A}
		{9F9C8131-943D-4421-857B-B5899219D1FD} = {999127BC-B8DA-4466-A4BF-D0A29854A932}
		{C3CBA636-2C58-46E6-968E-BA4A4EC112D7} = {999127BC-B8DA-4466-A4BF-D0A29854A932}
		{560AD72B-29CB-4A64-BD6D-04658064E2CD} = {999127BC-B8DA-4466-A4BF-D0A29854A932}
		{7868169C-023A-4034-B250-F2ACA3098BAE} = {999127BC-B8DA-4466-A4BF-D0A29854A932}
		{EAFC1980-09C8-4AC4-A7C2-4B8B4909BBFD} = {B558A181-A3C6-4E84-8939-1F6ECC636EFF}
		{C078B085-032E-41DF-AB35-265F727D11D8} = {B558A181-A3C6-4E84-8939-1F6ECC636EFF}
		{4A2A90DB-28DE-4C55-A49D-C77D4CDD2E4B} = {B558A181-A3C6-4E84-8939-1F6ECC636EFF}
		{1C42345C-B984-4230-A96B-6354D436292F} = {B558A181-A3C6-4E84-8939-1F6ECC636EFF}
		{D7664FCC-1105-40CB-A5CC-F68504711AE9} = {B558A181-A3C6-4E84-8939-1F6ECC636EFF}
		{476D749A-C35F-4493-83E5-49DF9273AED8} = {06352151-747B-4D8A-9859-570D21C56203}
		{83BB69D4-87AA-49CF-85E0-3E5539CC3AEA} = {06352151-747B-4D8A-9859-570D21C56203}
		{8F724D28-AD36-4010-B4B2-4B7549D1AFC0} = {D515A920-EE3E-4891-82B2-CD6AB33AE1E8}
		{5FF81C03-CD40-4F31-BB6B-1D908F4F26B3} = {D515A920-EE3E-4891-82B2-CD6AB33AE1E8}
		{D63FD776-ED00-4ACC-80BF-630657AEF1F4} = {D515A920-EE3E-4891-82B2-CD6AB33AE1E8}
		{BCF2477E-CD1B-4C8D-A83F-73BC712904F4} = {D515A920-EE3E-4891-82B2-CD6AB33AE1E8}
		{C5CD55B6-4DD7-4656-92AA-11FB1A8334B2} = {D515A920-EE3E-4891-82B2-CD6AB33AE1E8}
		{49D10889-4662-4C4D-8230-2611529968EF} = {06352151-747B-4D8A-9859-570D21C56203}
		{003A0323-1BCC-4402-A38F-639CD0982522} = {0A07D86F-9695-470E-8501-9FB40B664D6A}
		{1A05B0DF-CA64-4A78-8E11-07FF49789AF9} = {999127BC-B8DA-4466-A4BF-D0A29854A932}
	EndGlobalSection
	GlobalSection(ExtensibilityGlobals) = postSolution
		SolutionGuid = {B718C59A-8E22-46D3-ABAC-947048204E71}
	EndGlobalSection
EndGlobal
